
Microsoft Visual Studio Solution File, Format Version 12.00
# Visual Studio Version 17
VisualStudioVersion = 17.5.33530.505
MinimumVisualStudioVersion = 10.0.40219.1
Project("{9A19103F-16F7-4668-BE54-9A1E7A4F7556}") = "LogLevels", "LogLevels.csproj", "{9846080D-0DC1-4A09-A286-40A4EFCEFF6C}"
EndProject
Global
	GlobalSection(SolutionConfigurationPlatforms) = preSolution
		Debug|Any CPU = Debug|Any CPU
		Release|Any CPU = Release|Any CPU
	EndGlobalSection
	GlobalSection(ProjectConfigurationPlatforms) = postSolution
		{9846080D-0DC1-4A09-A286-40A4EFCEFF6C}.Debug|Any CPU.ActiveCfg = Debug|Any CPU
		{9846080D-0DC1-4A09-A286-40A4EFCEFF6C}.Debug|Any CPU.Build.0 = Debug|Any CPU
		{9846080D-0DC1-4A09-A286-40A4EFCEFF6C}.Release|Any CPU.ActiveCfg = Release|Any CPU
		{9846080D-0DC1-4A09-A286-40A4EFCEFF6C}.Release|Any CPU.Build.0 = Release|Any CPU
	EndGlobalSection
	GlobalSection(SolutionProperties) = preSolution
		HideSolutionNode = FALSE
	EndGlobalSection
	GlobalSection(ExtensibilityGlobals) = postSolution
		SolutionGuid = {FB284BFB-609D-4BF8-836C-0E71B3521349}
	EndGlobalSection
EndGlobal
