
Microsoft Visual Studio Solution File, Format Version 12.00
# Visual Studio Version 17
VisualStudioVersion = 17.5.33530.505
MinimumVisualStudioVersion = 10.0.40219.1
Project("{9A19103F-16F7-4668-BE54-9A1E7A4F7556}") = "Bob", "Bob.csproj", "{F77152ED-7E28-4378-B3B5-DD296B230C60}"
EndProject
Global
	GlobalSection(SolutionConfigurationPlatforms) = preSolution
		Debug|Any CPU = Debug|Any CPU
		Release|Any CPU = Release|Any CPU
	EndGlobalSection
	GlobalSection(ProjectConfigurationPlatforms) = postSolution
		{F77152ED-7E28-4378-B3B5-DD296B230C60}.Debug|Any CPU.ActiveCfg = Debug|Any CPU
		{F77152ED-7E28-4378-B3B5-DD296B230C60}.Debug|Any CPU.Build.0 = Debug|Any CPU
		{F77152ED-7E28-4378-B3B5-DD296B230C60}.Release|Any CPU.ActiveCfg = Release|Any CPU
		{F77152ED-7E28-4378-B3B5-DD296B230C60}.Release|Any CPU.Build.0 = Release|Any CPU
	EndGlobalSection
	GlobalSection(SolutionProperties) = preSolution
		HideSolutionNode = FALSE
	EndGlobalSection
	GlobalSection(ExtensibilityGlobals) = postSolution
		SolutionGuid = {46516A50-7F68-47C3-9625-F66020EBDC74}
	EndGlobalSection
EndGlobal
