
Microsoft Visual Studio Solution File, Format Version 12.00
# Visual Studio Version 17
VisualStudioVersion = 17.5.33530.505
MinimumVisualStudioVersion = 10.0.40219.1
Project("{9A19103F-16F7-4668-BE54-9A1E7A4F7556}") = "PhoneNumberAnalysis", "PhoneNumberAnalysis.csproj", "{762B6922-588E-4E61-96E4-055802501FEF}"
EndProject
Global
	GlobalSection(SolutionConfigurationPlatforms) = preSolution
		Debug|Any CPU = Debug|Any CPU
		Release|Any CPU = Release|Any CPU
	EndGlobalSection
	GlobalSection(ProjectConfigurationPlatforms) = postSolution
		{762B6922-588E-4E61-96E4-055802501FEF}.Debug|Any CPU.ActiveCfg = Debug|Any CPU
		{762B6922-588E-4E61-96E4-055802501FEF}.Debug|Any CPU.Build.0 = Debug|Any CPU
		{762B6922-588E-4E61-96E4-055802501FEF}.Release|Any CPU.ActiveCfg = Release|Any CPU
		{762B6922-588E-4E61-96E4-055802501FEF}.Release|Any CPU.Build.0 = Release|Any CPU
	EndGlobalSection
	GlobalSection(SolutionProperties) = preSolution
		HideSolutionNode = FALSE
	EndGlobalSection
	GlobalSection(ExtensibilityGlobals) = postSolution
		SolutionGuid = {D538CE67-6C1E-4965-BBCF-01CDECB0DE3C}
	EndGlobalSection
EndGlobal
