
Microsoft Visual Studio Solution File, Format Version 12.00
# Visual Studio Version 17
VisualStudioVersion = 17.5.33530.505
MinimumVisualStudioVersion = 10.0.40219.1
Project("{9A19103F-16F7-4668-BE54-9A1E7A4F7556}") = "TracksOnTracksOnTracks", "TracksOnTracksOnTracks.csproj", "{AF6F6784-6F5F-46E3-BF83-FDAC61255807}"
EndProject
Global
	GlobalSection(SolutionConfigurationPlatforms) = preSolution
		Debug|Any CPU = Debug|Any CPU
		Release|Any CPU = Release|Any CPU
	EndGlobalSection
	GlobalSection(ProjectConfigurationPlatforms) = postSolution
		{AF6F6784-6F5F-46E3-BF83-FDAC61255807}.Debug|Any CPU.ActiveCfg = Debug|Any CPU
		{AF6F6784-6F5F-46E3-BF83-FDAC61255807}.Debug|Any CPU.Build.0 = Debug|Any CPU
		{AF6F6784-6F5F-46E3-BF83-FDAC61255807}.Release|Any CPU.ActiveCfg = Release|Any CPU
		{AF6F6784-6F5F-46E3-BF83-FDAC61255807}.Release|Any CPU.Build.0 = Release|Any CPU
	EndGlobalSection
	GlobalSection(SolutionProperties) = preSolution
		HideSolutionNode = FALSE
	EndGlobalSection
	GlobalSection(ExtensibilityGlobals) = postSolution
		SolutionGuid = {00D1CA3D-4A4C-48F0-8B0E-9587DF3BA3D8}
	EndGlobalSection
EndGlobal
