
Microsoft Visual Studio Solution File, Format Version 12.00
# Visual Studio Version 17
VisualStudioVersion = 17.5.33530.505
MinimumVisualStudioVersion = 10.0.40219.1
Project("{9A19103F-16F7-4668-BE54-9A1E7A4F7556}") = "AnnalynsInfiltration", "AnnalynsInfiltration.csproj", "{DF0BE5EC-893E-4E6C-8347-37C5F4ADF2C9}"
EndProject
Global
	GlobalSection(SolutionConfigurationPlatforms) = preSolution
		Debug|Any CPU = Debug|Any CPU
		Release|Any CPU = Release|Any CPU
	EndGlobalSection
	GlobalSection(ProjectConfigurationPlatforms) = postSolution
		{DF0BE5EC-893E-4E6C-8347-37C5F4ADF2C9}.Debug|Any CPU.ActiveCfg = Debug|Any CPU
		{DF0BE5EC-893E-4E6C-8347-37C5F4ADF2C9}.Debug|Any CPU.Build.0 = Debug|Any CPU
		{DF0BE5EC-893E-4E6C-8347-37C5F4ADF2C9}.Release|Any CPU.ActiveCfg = Release|Any CPU
		{DF0BE5EC-893E-4E6C-8347-37C5F4ADF2C9}.Release|Any CPU.Build.0 = Release|Any CPU
	EndGlobalSection
	GlobalSection(SolutionProperties) = preSolution
		HideSolutionNode = FALSE
	EndGlobalSection
	GlobalSection(ExtensibilityGlobals) = postSolution
		SolutionGuid = {2A107052-BD9B-4AC0-9822-3FD60D6EF761}
	EndGlobalSection
EndGlobal
